
Microsoft Visual Studio Solution File, Format Version 12.00
# Visual Studio 15
Project("{FAE04EC0-301F-11D3-BF4B-00C04F79EFBC}") = "VuforiaScripts", "VuforiaScripts.csproj", "{E6BEA1F6-9D96-434D-BACF-8B1526860418}"
EndProject
Project("{FAE04EC0-301F-11D3-BF4B-00C04F79EFBC}") = "Assembly-CSharp", "Assembly-CSharp.csproj", "{E3D22D6E-45EE-EE3A-9770-AB014C6B4D7E}"
EndProject
Project("{FAE04EC0-301F-11D3-BF4B-00C04F79EFBC}") = "VuforiaEditorScripts", "VuforiaEditorScripts.csproj", "{0985AF5C-9461-D271-D400-8821D464A57E}"
EndProject
Global
	GlobalSection(SolutionConfigurationPlatforms) = preSolution
		Debug|Any CPU = Debug|Any CPU
		Release|Any CPU = Release|Any CPU
	EndGlobalSection
	GlobalSection(ProjectConfigurationPlatforms) = postSolution
		{E6BEA1F6-9D96-434D-BACF-8B1526860418}.Debug|Any CPU.ActiveCfg = Debug|Any CPU
		{E6BEA1F6-9D96-434D-BACF-8B1526860418}.Debug|Any CPU.Build.0 = Debug|Any CPU
		{E6BEA1F6-9D96-434D-BACF-8B1526860418}.Release|Any CPU.ActiveCfg = Release|Any CPU
		{E6BEA1F6-9D96-434D-BACF-8B1526860418}.Release|Any CPU.Build.0 = Release|Any CPU
		{E3D22D6E-45EE-EE3A-9770-AB014C6B4D7E}.Debug|Any CPU.ActiveCfg = Debug|Any CPU
		{E3D22D6E-45EE-EE3A-9770-AB014C6B4D7E}.Debug|Any CPU.Build.0 = Debug|Any CPU
		{E3D22D6E-45EE-EE3A-9770-AB014C6B4D7E}.Release|Any CPU.ActiveCfg = Release|Any CPU
		{E3D22D6E-45EE-EE3A-9770-AB014C6B4D7E}.Release|Any CPU.Build.0 = Release|Any CPU
		{0985AF5C-9461-D271-D400-8821D464A57E}.Debug|Any CPU.ActiveCfg = Debug|Any CPU
		{0985AF5C-9461-D271-D400-8821D464A57E}.Debug|Any CPU.Build.0 = Debug|Any CPU
		{0985AF5C-9461-D271-D400-8821D464A57E}.Release|Any CPU.ActiveCfg = Release|Any CPU
		{0985AF5C-9461-D271-D400-8821D464A57E}.Release|Any CPU.Build.0 = Release|Any CPU
	EndGlobalSection
	GlobalSection(SolutionProperties) = preSolution
		HideSolutionNode = FALSE
	EndGlobalSection
EndGlobal
